// !$*UTF8*$!
{
	archiveVersion = 1;
	classes = {
	};
	objectVersion = 46;
	objects = {

/* Begin PBXBuildFile section */
		9942516C1C955B370050C487 /* YZBRecommentViewController.m in Sources */ = {isa = PBXBuildFile; fileRef = 9942516B1C955B370050C487 /* YZBRecommentViewController.m */; };
		99670A5B1C96DEAF00272DF7 /* YZBUser.m in Sources */ = {isa = PBXBuildFile; fileRef = 99670A5A1C96DEAF00272DF7 /* YZBUser.m */; };
		99670A5F1C96E0E100272DF7 /* YZBUserCell.m in Sources */ = {isa = PBXBuildFile; fileRef = 99670A5D1C96E0E100272DF7 /* YZBUserCell.m */; };
		99670A601C96E0E100272DF7 /* YZBUserCell.xib in Resources */ = {isa = PBXBuildFile; fileRef = 99670A5E1C96E0E100272DF7 /* YZBUserCell.xib */; };
		997330B71C957085004DF3DD /* Foundation+Log.m in Sources */ = {isa = PBXBuildFile; fileRef = 997330B61C957085004DF3DD /* Foundation+Log.m */; };
		997A80341C96A63B00B047A1 /* YZBRecommentCategory.m in Sources */ = {isa = PBXBuildFile; fileRef = 997A80331C96A63B00B047A1 /* YZBRecommentCategory.m */; };
		997A80361C96A6C600B047A1 /* YZBRecommentViewController.xib in Resources */ = {isa = PBXBuildFile; fileRef = 997A80351C96A6C600B047A1 /* YZBRecommentViewController.xib */; };
		997A803A1C96A9E000B047A1 /* YZBCategoryCell.m in Sources */ = {isa = PBXBuildFile; fileRef = 997A80381C96A9E000B047A1 /* YZBCategoryCell.m */; };
		997A803B1C96A9E000B047A1 /* YZBCategoryCell.xib in Resources */ = {isa = PBXBuildFile; fileRef = 997A80391C96A9E000B047A1 /* YZBCategoryCell.xib */; };
		99EFE42B1C94FC410012C110 /* main.m in Sources */ = {isa = PBXBuildFile; fileRef = 99EFE42A1C94FC410012C110 /* main.m */; };
		99EFE4361C94FC410012C110 /* Assets.xcassets in Resources */ = {isa = PBXBuildFile; fileRef = 99EFE4351C94FC410012C110 /* Assets.xcassets */; };
		99EFE4441C94FC410012C110 /* _____UITests.m in Sources */ = {isa = PBXBuildFile; fileRef = 99EFE4431C94FC410012C110 /* _____UITests.m */; };
		99EFE48B1C9502DA0012C110 /* YZBTabBarController.m in Sources */ = {isa = PBXBuildFile; fileRef = 99EFE4881C9502DA0012C110 /* YZBTabBarController.m */; };
		99EFE48E1C95037E0012C110 /* AppDelegate.m in Sources */ = {isa = PBXBuildFile; fileRef = 99EFE48D1C95037E0012C110 /* AppDelegate.m */; };
		99EFE4911C9504FC0012C110 /* YZBEssenceViewController.m in Sources */ = {isa = PBXBuildFile; fileRef = 99EFE4901C9504FC0012C110 /* YZBEssenceViewController.m */; };
		99EFE4941C950ACE0012C110 /* YZBNewViewController.m in Sources */ = {isa = PBXBuildFile; fileRef = 99EFE4931C950ACE0012C110 /* YZBNewViewController.m */; };
		99EFE4971C950B140012C110 /* YZBFriendViewController.m in Sources */ = {isa = PBXBuildFile; fileRef = 99EFE4961C950B140012C110 /* YZBFriendViewController.m */; };
		99EFE49D1C950B7B0012C110 /* YZBMeViewController.m in Sources */ = {isa = PBXBuildFile; fileRef = 99EFE49C1C950B7B0012C110 /* YZBMeViewController.m */; };
		99EFE4A01C951AD50012C110 /* YZBTabBar.m in Sources */ = {isa = PBXBuildFile; fileRef = 99EFE49F1C951AD50012C110 /* YZBTabBar.m */; };
		99EFE4A31C951FD70012C110 /* UIView+YZBExtention.m in Sources */ = {isa = PBXBuildFile; fileRef = 99EFE4A21C951FD70012C110 /* UIView+YZBExtention.m */; };
		99EFE4A71C953ACA0012C110 /* UIBarButtonItem+YZBExtension.m in Sources */ = {isa = PBXBuildFile; fileRef = 99EFE4A61C953ACA0012C110 /* UIBarButtonItem+YZBExtension.m */; };
		99EFE4AA1C953FA50012C110 /* YZBNavigationController.m in Sources */ = {isa = PBXBuildFile; fileRef = 99EFE4A91C953FA50012C110 /* YZBNavigationController.m */; };
		99EFE4AC1C9550C10012C110 /* YZBFriendViewController.xib in Resources */ = {isa = PBXBuildFile; fileRef = 99EFE4AB1C9550C10012C110 /* YZBFriendViewController.xib */; };
		C3784479281EF7D3985A3240 /* libPods.a in Frameworks */ = {isa = PBXBuildFile; fileRef = D4AC793648FB0E7C7A5E3FE6 /* libPods.a */; };
/* End PBXBuildFile section */

/* Begin PBXContainerItemProxy section */
		99EFE4401C94FC410012C110 /* PBXContainerItemProxy */ = {
			isa = PBXContainerItemProxy;
			containerPortal = 99EFE41E1C94FC410012C110 /* Project object */;
			proxyType = 1;
			remoteGlobalIDString = 99EFE4251C94FC410012C110;
			remoteInfo = "百思不得姐";
		};
/* End PBXContainerItemProxy section */

/* Begin PBXFileReference section */
		9942516A1C955B370050C487 /* YZBRecommentViewController.h */ = {isa = PBXFileReference; fileEncoding = 4; lastKnownFileType = sourcecode.c.h; path = YZBRecommentViewController.h; sourceTree = "<group>"; };
		9942516B1C955B370050C487 /* YZBRecommentViewController.m */ = {isa = PBXFileReference; fileEncoding = 4; lastKnownFileType = sourcecode.c.objc; path = YZBRecommentViewController.m; sourceTree = "<group>"; };
		99670A591C96DEAF00272DF7 /* YZBUser.h */ = {isa = PBXFileReference; fileEncoding = 4; lastKnownFileType = sourcecode.c.h; path = YZBUser.h; sourceTree = "<group>"; };
		99670A5A1C96DEAF00272DF7 /* YZBUser.m */ = {isa = PBXFileReference; fileEncoding = 4; lastKnownFileType = sourcecode.c.objc; path = YZBUser.m; sourceTree = "<group>"; };
		99670A5C1C96E0E100272DF7 /* YZBUserCell.h */ = {isa = PBXFileReference; fileEncoding = 4; lastKnownFileType = sourcecode.c.h; path = YZBUserCell.h; sourceTree = "<group>"; };
		99670A5D1C96E0E100272DF7 /* YZBUserCell.m */ = {isa = PBXFileReference; fileEncoding = 4; lastKnownFileType = sourcecode.c.objc; path = YZBUserCell.m; sourceTree = "<group>"; };
		99670A5E1C96E0E100272DF7 /* YZBUserCell.xib */ = {isa = PBXFileReference; fileEncoding = 4; lastKnownFileType = file.xib; path = YZBUserCell.xib; sourceTree = "<group>"; };
		997330B61C957085004DF3DD /* Foundation+Log.m */ = {isa = PBXFileReference; fileEncoding = 4; lastKnownFileType = sourcecode.c.objc; path = "Foundation+Log.m"; sourceTree = "<group>"; };
		997A80321C96A63B00B047A1 /* YZBRecommentCategory.h */ = {isa = PBXFileReference; fileEncoding = 4; lastKnownFileType = sourcecode.c.h; path = YZBRecommentCategory.h; sourceTree = "<group>"; };
		997A80331C96A63B00B047A1 /* YZBRecommentCategory.m */ = {isa = PBXFileReference; fileEncoding = 4; lastKnownFileType = sourcecode.c.objc; path = YZBRecommentCategory.m; sourceTree = "<group>"; };
		997A80351C96A6C600B047A1 /* YZBRecommentViewController.xib */ = {isa = PBXFileReference; fileEncoding = 4; lastKnownFileType = file.xib; path = YZBRecommentViewController.xib; sourceTree = "<group>"; };
		997A80371C96A9E000B047A1 /* YZBCategoryCell.h */ = {isa = PBXFileReference; fileEncoding = 4; lastKnownFileType = sourcecode.c.h; path = YZBCategoryCell.h; sourceTree = "<group>"; };
		997A80381C96A9E000B047A1 /* YZBCategoryCell.m */ = {isa = PBXFileReference; fileEncoding = 4; lastKnownFileType = sourcecode.c.objc; path = YZBCategoryCell.m; sourceTree = "<group>"; };
		997A80391C96A9E000B047A1 /* YZBCategoryCell.xib */ = {isa = PBXFileReference; fileEncoding = 4; lastKnownFileType = file.xib; path = YZBCategoryCell.xib; sourceTree = "<group>"; };
		99EFE4261C94FC410012C110 /* 百思不得姐.app */ = {isa = PBXFileReference; explicitFileType = wrapper.application; includeInIndex = 0; path = "百思不得姐.app"; sourceTree = BUILT_PRODUCTS_DIR; };
		99EFE42A1C94FC410012C110 /* main.m */ = {isa = PBXFileReference; lastKnownFileType = sourcecode.c.objc; path = main.m; sourceTree = "<group>"; };
		99EFE4351C94FC410012C110 /* Assets.xcassets */ = {isa = PBXFileReference; lastKnownFileType = folder.assetcatalog; path = Assets.xcassets; sourceTree = "<group>"; };
		99EFE43A1C94FC410012C110 /* Info.plist */ = {isa = PBXFileReference; lastKnownFileType = text.plist.xml; path = Info.plist; sourceTree = "<group>"; };
		99EFE43F1C94FC410012C110 /* 百思不得姐UITests.xctest */ = {isa = PBXFileReference; explicitFileType = wrapper.cfbundle; includeInIndex = 0; path = "百思不得姐UITests.xctest"; sourceTree = BUILT_PRODUCTS_DIR; };
		99EFE4431C94FC410012C110 /* _____UITests.m */ = {isa = PBXFileReference; lastKnownFileType = sourcecode.c.objc; path = "_____UITests.m"; sourceTree = "<group>"; };
		99EFE4451C94FC410012C110 /* Info.plist */ = {isa = PBXFileReference; lastKnownFileType = text.plist.xml; path = Info.plist; sourceTree = "<group>"; };
		99EFE4871C9502DA0012C110 /* YZBTabBarController.h */ = {isa = PBXFileReference; fileEncoding = 4; lastKnownFileType = sourcecode.c.h; path = YZBTabBarController.h; sourceTree = "<group>"; };
		99EFE4881C9502DA0012C110 /* YZBTabBarController.m */ = {isa = PBXFileReference; fileEncoding = 4; lastKnownFileType = sourcecode.c.objc; path = YZBTabBarController.m; sourceTree = "<group>"; };
		99EFE48C1C95037E0012C110 /* AppDelegate.h */ = {isa = PBXFileReference; fileEncoding = 4; lastKnownFileType = sourcecode.c.h; path = AppDelegate.h; sourceTree = "<group>"; };
		99EFE48D1C95037E0012C110 /* AppDelegate.m */ = {isa = PBXFileReference; fileEncoding = 4; lastKnownFileType = sourcecode.c.objc; path = AppDelegate.m; sourceTree = "<group>"; };
		99EFE48F1C9504FC0012C110 /* YZBEssenceViewController.h */ = {isa = PBXFileReference; fileEncoding = 4; lastKnownFileType = sourcecode.c.h; path = YZBEssenceViewController.h; sourceTree = "<group>"; };
		99EFE4901C9504FC0012C110 /* YZBEssenceViewController.m */ = {isa = PBXFileReference; fileEncoding = 4; lastKnownFileType = sourcecode.c.objc; path = YZBEssenceViewController.m; sourceTree = "<group>"; };
		99EFE4921C950ACE0012C110 /* YZBNewViewController.h */ = {isa = PBXFileReference; fileEncoding = 4; lastKnownFileType = sourcecode.c.h; path = YZBNewViewController.h; sourceTree = "<group>"; };
		99EFE4931C950ACE0012C110 /* YZBNewViewController.m */ = {isa = PBXFileReference; fileEncoding = 4; lastKnownFileType = sourcecode.c.objc; path = YZBNewViewController.m; sourceTree = "<group>"; };
		99EFE4951C950B140012C110 /* YZBFriendViewController.h */ = {isa = PBXFileReference; fileEncoding = 4; lastKnownFileType = sourcecode.c.h; path = YZBFriendViewController.h; sourceTree = "<group>"; };
		99EFE4961C950B140012C110 /* YZBFriendViewController.m */ = {isa = PBXFileReference; fileEncoding = 4; lastKnownFileType = sourcecode.c.objc; path = YZBFriendViewController.m; sourceTree = "<group>"; };
		99EFE49B1C950B7B0012C110 /* YZBMeViewController.h */ = {isa = PBXFileReference; fileEncoding = 4; lastKnownFileType = sourcecode.c.h; path = YZBMeViewController.h; sourceTree = "<group>"; };
		99EFE49C1C950B7B0012C110 /* YZBMeViewController.m */ = {isa = PBXFileReference; fileEncoding = 4; lastKnownFileType = sourcecode.c.objc; path = YZBMeViewController.m; sourceTree = "<group>"; };
		99EFE49E1C951AD50012C110 /* YZBTabBar.h */ = {isa = PBXFileReference; fileEncoding = 4; lastKnownFileType = sourcecode.c.h; path = YZBTabBar.h; sourceTree = "<group>"; };
		99EFE49F1C951AD50012C110 /* YZBTabBar.m */ = {isa = PBXFileReference; fileEncoding = 4; lastKnownFileType = sourcecode.c.objc; path = YZBTabBar.m; sourceTree = "<group>"; };
		99EFE4A11C951FD70012C110 /* UIView+YZBExtention.h */ = {isa = PBXFileReference; fileEncoding = 4; lastKnownFileType = sourcecode.c.h; path = "UIView+YZBExtention.h"; sourceTree = "<group>"; };
		99EFE4A21C951FD70012C110 /* UIView+YZBExtention.m */ = {isa = PBXFileReference; fileEncoding = 4; lastKnownFileType = sourcecode.c.objc; path = "UIView+YZBExtention.m"; sourceTree = "<group>"; };
		99EFE4A41C9520730012C110 /* 百思不得姐.pch */ = {isa = PBXFileReference; fileEncoding = 4; lastKnownFileType = sourcecode.c.h; path = "百思不得姐.pch"; sourceTree = "<group>"; };
		99EFE4A51C953ACA0012C110 /* UIBarButtonItem+YZBExtension.h */ = {isa = PBXFileReference; fileEncoding = 4; lastKnownFileType = sourcecode.c.h; path = "UIBarButtonItem+YZBExtension.h"; sourceTree = "<group>"; };
		99EFE4A61C953ACA0012C110 /* UIBarButtonItem+YZBExtension.m */ = {isa = PBXFileReference; fileEncoding = 4; lastKnownFileType = sourcecode.c.objc; path = "UIBarButtonItem+YZBExtension.m"; sourceTree = "<group>"; };
		99EFE4A81C953FA50012C110 /* YZBNavigationController.h */ = {isa = PBXFileReference; fileEncoding = 4; lastKnownFileType = sourcecode.c.h; path = YZBNavigationController.h; sourceTree = "<group>"; };
		99EFE4A91C953FA50012C110 /* YZBNavigationController.m */ = {isa = PBXFileReference; fileEncoding = 4; lastKnownFileType = sourcecode.c.objc; path = YZBNavigationController.m; sourceTree = "<group>"; };
		99EFE4AB1C9550C10012C110 /* YZBFriendViewController.xib */ = {isa = PBXFileReference; fileEncoding = 4; lastKnownFileType = file.xib; path = YZBFriendViewController.xib; sourceTree = "<group>"; };
		D4AC793648FB0E7C7A5E3FE6 /* libPods.a */ = {isa = PBXFileReference; explicitFileType = archive.ar; includeInIndex = 0; path = libPods.a; sourceTree = BUILT_PRODUCTS_DIR; };
		D803B44848DC3ADDE5D7E538 /* Pods.release.xcconfig */ = {isa = PBXFileReference; includeInIndex = 1; lastKnownFileType = text.xcconfig; name = Pods.release.xcconfig; path = "Pods/Target Support Files/Pods/Pods.release.xcconfig"; sourceTree = "<group>"; };
		F30BD87700EE3F0248312E3E /* Pods.debug.xcconfig */ = {isa = PBXFileReference; includeInIndex = 1; lastKnownFileType = text.xcconfig; name = Pods.debug.xcconfig; path = "Pods/Target Support Files/Pods/Pods.debug.xcconfig"; sourceTree = "<group>"; };
/* End PBXFileReference section */

/* Begin PBXFrameworksBuildPhase section */
		99EFE4231C94FC410012C110 /* Frameworks */ = {
			isa = PBXFrameworksBuildPhase;
			buildActionMask = 2147483647;
			files = (
				C3784479281EF7D3985A3240 /* libPods.a in Frameworks */,
			);
			runOnlyForDeploymentPostprocessing = 0;
		};
		99EFE43C1C94FC410012C110 /* Frameworks */ = {
			isa = PBXFrameworksBuildPhase;
			buildActionMask = 2147483647;
			files = (
			);
			runOnlyForDeploymentPostprocessing = 0;
		};
/* End PBXFrameworksBuildPhase section */

/* Begin PBXGroup section */
		029622FB1B80A7DFB61D44E4 /* Pods */ = {
			isa = PBXGroup;
			children = (
				F30BD87700EE3F0248312E3E /* Pods.debug.xcconfig */,
				D803B44848DC3ADDE5D7E538 /* Pods.release.xcconfig */,
			);
			name = Pods;
			sourceTree = "<group>";
		};
		99EFE41D1C94FC410012C110 = {
			isa = PBXGroup;
			children = (
				99EFE4281C94FC410012C110 /* 百思不得姐 */,
				99EFE4421C94FC410012C110 /* 百思不得姐UITests */,
				99EFE4271C94FC410012C110 /* Products */,
				029622FB1B80A7DFB61D44E4 /* Pods */,
				B41DF418B8FA1BA171BB1A0C /* Frameworks */,
			);
			sourceTree = "<group>";
		};
		99EFE4271C94FC410012C110 /* Products */ = {
			isa = PBXGroup;
			children = (
				99EFE4261C94FC410012C110 /* 百思不得姐.app */,
				99EFE43F1C94FC410012C110 /* 百思不得姐UITests.xctest */,
			);
			name = Products;
			sourceTree = "<group>";
		};
		99EFE4281C94FC410012C110 /* 百思不得姐 */ = {
			isa = PBXGroup;
			children = (
				99EFE4711C9502DA0012C110 /* Classes */,
				99EFE4291C94FC410012C110 /* Supporting Files */,
			);
			path = "百思不得姐";
			sourceTree = "<group>";
		};
		99EFE4291C94FC410012C110 /* Supporting Files */ = {
			isa = PBXGroup;
			children = (
				99EFE4351C94FC410012C110 /* Assets.xcassets */,
				99EFE43A1C94FC410012C110 /* Info.plist */,
				99EFE42A1C94FC410012C110 /* main.m */,
			);
			name = "Supporting Files";
			sourceTree = "<group>";
		};
		99EFE4421C94FC410012C110 /* 百思不得姐UITests */ = {
			isa = PBXGroup;
			children = (
				99EFE4431C94FC410012C110 /* _____UITests.m */,
				99EFE4451C94FC410012C110 /* Info.plist */,
			);
			path = "百思不得姐UITests";
			sourceTree = "<group>";
		};
		99EFE4711C9502DA0012C110 /* Classes */ = {
			isa = PBXGroup;
			children = (
				99EFE4721C9502DA0012C110 /* Essence（精华） */,
				99EFE47E1C9502DA0012C110 /* New（新帖） */,
				99EFE4761C9502DA0012C110 /* FriendTrends（关注） */,
				99EFE47A1C9502DA0012C110 /* Me（我） */,
				99EFE4821C9502DA0012C110 /* Other(其他) */,
			);
			path = Classes;
			sourceTree = "<group>";
		};
		99EFE4721C9502DA0012C110 /* Essence（精华） */ = {
			isa = PBXGroup;
			children = (
				99EFE4731C9502DA0012C110 /* Controller */,
				99EFE4741C9502DA0012C110 /* Model */,
				99EFE4751C9502DA0012C110 /* View */,
			);
			path = "Essence（精华）";
			sourceTree = "<group>";
		};
		99EFE4731C9502DA0012C110 /* Controller */ = {
			isa = PBXGroup;
			children = (
				99EFE48F1C9504FC0012C110 /* YZBEssenceViewController.h */,
				99EFE4901C9504FC0012C110 /* YZBEssenceViewController.m */,
			);
			path = Controller;
			sourceTree = "<group>";
		};
		99EFE4741C9502DA0012C110 /* Model */ = {
			isa = PBXGroup;
			children = (
			);
			path = Model;
			sourceTree = "<group>";
		};
		99EFE4751C9502DA0012C110 /* View */ = {
			isa = PBXGroup;
			children = (
			);
			path = View;
			sourceTree = "<group>";
		};
		99EFE4761C9502DA0012C110 /* FriendTrends（关注） */ = {
			isa = PBXGroup;
			children = (
				99EFE4771C9502DA0012C110 /* Controller */,
				99EFE4781C9502DA0012C110 /* Model */,
				99EFE4791C9502DA0012C110 /* View */,
			);
			path = "FriendTrends（关注）";
			sourceTree = "<group>";
		};
		99EFE4771C9502DA0012C110 /* Controller */ = {
			isa = PBXGroup;
			children = (
				99EFE4951C950B140012C110 /* YZBFriendViewController.h */,
				99EFE4961C950B140012C110 /* YZBFriendViewController.m */,
				99EFE4AB1C9550C10012C110 /* YZBFriendViewController.xib */,
				9942516A1C955B370050C487 /* YZBRecommentViewController.h */,
				9942516B1C955B370050C487 /* YZBRecommentViewController.m */,
				997A80351C96A6C600B047A1 /* YZBRecommentViewController.xib */,
			);
			path = Controller;
			sourceTree = "<group>";
		};
		99EFE4781C9502DA0012C110 /* Model */ = {
			isa = PBXGroup;
			children = (
				997A80321C96A63B00B047A1 /* YZBRecommentCategory.h */,
				997A80331C96A63B00B047A1 /* YZBRecommentCategory.m */,
				99670A591C96DEAF00272DF7 /* YZBUser.h */,
				99670A5A1C96DEAF00272DF7 /* YZBUser.m */,
			);
			path = Model;
			sourceTree = "<group>";
		};
		99EFE4791C9502DA0012C110 /* View */ = {
			isa = PBXGroup;
			children = (
				997A80371C96A9E000B047A1 /* YZBCategoryCell.h */,
				997A80381C96A9E000B047A1 /* YZBCategoryCell.m */,
				997A80391C96A9E000B047A1 /* YZBCategoryCell.xib */,
				99670A5C1C96E0E100272DF7 /* YZBUserCell.h */,
				99670A5D1C96E0E100272DF7 /* YZBUserCell.m */,
				99670A5E1C96E0E100272DF7 /* YZBUserCell.xib */,
			);
			path = View;
			sourceTree = "<group>";
		};
		99EFE47A1C9502DA0012C110 /* Me（我） */ = {
			isa = PBXGroup;
			children = (
				99EFE47B1C9502DA0012C110 /* Controller */,
				99EFE47C1C9502DA0012C110 /* Model */,
				99EFE47D1C9502DA0012C110 /* View */,
			);
			path = "Me（我）";
			sourceTree = "<group>";
		};
		99EFE47B1C9502DA0012C110 /* Controller */ = {
			isa = PBXGroup;
			children = (
				99EFE49B1C950B7B0012C110 /* YZBMeViewController.h */,
				99EFE49C1C950B7B0012C110 /* YZBMeViewController.m */,
			);
			path = Controller;
			sourceTree = "<group>";
		};
		99EFE47C1C9502DA0012C110 /* Model */ = {
			isa = PBXGroup;
			children = (
			);
			path = Model;
			sourceTree = "<group>";
		};
		99EFE47D1C9502DA0012C110 /* View */ = {
			isa = PBXGroup;
			children = (
			);
			path = View;
			sourceTree = "<group>";
		};
		99EFE47E1C9502DA0012C110 /* New（新帖） */ = {
			isa = PBXGroup;
			children = (
				99EFE47F1C9502DA0012C110 /* Controller */,
				99EFE4801C9502DA0012C110 /* Model */,
				99EFE4811C9502DA0012C110 /* View */,
			);
			path = "New（新帖）";
			sourceTree = "<group>";
		};
		99EFE47F1C9502DA0012C110 /* Controller */ = {
			isa = PBXGroup;
			children = (
				99EFE4921C950ACE0012C110 /* YZBNewViewController.h */,
				99EFE4931C950ACE0012C110 /* YZBNewViewController.m */,
			);
			path = Controller;
			sourceTree = "<group>";
		};
		99EFE4801C9502DA0012C110 /* Model */ = {
			isa = PBXGroup;
			children = (
			);
			path = Model;
			sourceTree = "<group>";
		};
		99EFE4811C9502DA0012C110 /* View */ = {
			isa = PBXGroup;
			children = (
			);
			path = View;
			sourceTree = "<group>";
		};
		99EFE4821C9502DA0012C110 /* Other(其他) */ = {
			isa = PBXGroup;
			children = (
				997330B61C957085004DF3DD /* Foundation+Log.m */,
				99EFE48C1C95037E0012C110 /* AppDelegate.h */,
				99EFE48D1C95037E0012C110 /* AppDelegate.m */,
				99EFE4A41C9520730012C110 /* 百思不得姐.pch */,
				99EFE4861C9502DA0012C110 /* Controller */,
				99EFE4851C9502DA0012C110 /* Category */,
				99EFE4891C9502DA0012C110 /* View */,
			);
			path = "Other(其他)";
			sourceTree = "<group>";
		};
		99EFE4851C9502DA0012C110 /* Category */ = {
			isa = PBXGroup;
			children = (
				99EFE4A11C951FD70012C110 /* UIView+YZBExtention.h */,
				99EFE4A21C951FD70012C110 /* UIView+YZBExtention.m */,
				99EFE4A51C953ACA0012C110 /* UIBarButtonItem+YZBExtension.h */,
				99EFE4A61C953ACA0012C110 /* UIBarButtonItem+YZBExtension.m */,
			);
			path = Category;
			sourceTree = "<group>";
		};
		99EFE4861C9502DA0012C110 /* Controller */ = {
			isa = PBXGroup;
			children = (
				99EFE4871C9502DA0012C110 /* YZBTabBarController.h */,
				99EFE4881C9502DA0012C110 /* YZBTabBarController.m */,
				99EFE4A81C953FA50012C110 /* YZBNavigationController.h */,
				99EFE4A91C953FA50012C110 /* YZBNavigationController.m */,
			);
			path = Controller;
			sourceTree = "<group>";
		};
		99EFE4891C9502DA0012C110 /* View */ = {
			isa = PBXGroup;
			children = (
				99EFE49E1C951AD50012C110 /* YZBTabBar.h */,
				99EFE49F1C951AD50012C110 /* YZBTabBar.m */,
			);
			path = View;
			sourceTree = "<group>";
		};
		B41DF418B8FA1BA171BB1A0C /* Frameworks */ = {
			isa = PBXGroup;
			children = (
				D4AC793648FB0E7C7A5E3FE6 /* libPods.a */,
			);
			name = Frameworks;
			sourceTree = "<group>";
		};
/* End PBXGroup section */

/* Begin PBXNativeTarget section */
		99EFE4251C94FC410012C110 /* 百思不得姐 */ = {
			isa = PBXNativeTarget;
			buildConfigurationList = 99EFE4481C94FC410012C110 /* Build configuration list for PBXNativeTarget "百思不得姐" */;
			buildPhases = (
				D8E9C2D4D4685AC926FB629F /* Check Pods Manifest.lock */,
				99EFE4221C94FC410012C110 /* Sources */,
				99EFE4231C94FC410012C110 /* Frameworks */,
				99EFE4241C94FC410012C110 /* Resources */,
				33AA391315B54B607A2FDED7 /* Embed Pods Frameworks */,
				4050E19C4FE003087B4DBA3F /* Copy Pods Resources */,
			);
			buildRules = (
			);
			dependencies = (
			);
			name = "百思不得姐";
			productName = "百思不得姐";
			productReference = 99EFE4261C94FC410012C110 /* 百思不得姐.app */;
			productType = "com.apple.product-type.application";
		};
		99EFE43E1C94FC410012C110 /* 百思不得姐UITests */ = {
			isa = PBXNativeTarget;
			buildConfigurationList = 99EFE44B1C94FC410012C110 /* Build configuration list for PBXNativeTarget "百思不得姐UITests" */;
			buildPhases = (
				99EFE43B1C94FC410012C110 /* Sources */,
				99EFE43C1C94FC410012C110 /* Frameworks */,
				99EFE43D1C94FC410012C110 /* Resources */,
			);
			buildRules = (
			);
			dependencies = (
				99EFE4411C94FC410012C110 /* PBXTargetDependency */,
			);
			name = "百思不得姐UITests";
			productName = "百思不得姐UITests";
			productReference = 99EFE43F1C94FC410012C110 /* 百思不得姐UITests.xctest */;
			productType = "com.apple.product-type.bundle.ui-testing";
		};
/* End PBXNativeTarget section */

/* Begin PBXProject section */
		99EFE41E1C94FC410012C110 /* Project object */ = {
			isa = PBXProject;
			attributes = {
				CLASSPREFIX = YZB;
				LastUpgradeCheck = 0720;
				ORGANIZATIONNAME = "尤佐标";
				TargetAttributes = {
					99EFE4251C94FC410012C110 = {
						CreatedOnToolsVersion = 7.2.1;
					};
					99EFE43E1C94FC410012C110 = {
						CreatedOnToolsVersion = 7.2.1;
						TestTargetID = 99EFE4251C94FC410012C110;
					};
				};
			};
			buildConfigurationList = 99EFE4211C94FC410012C110 /* Build configuration list for PBXProject "百思不得姐" */;
			compatibilityVersion = "Xcode 3.2";
			developmentRegion = English;
			hasScannedForEncodings = 0;
			knownRegions = (
				en,
				Base,
			);
			mainGroup = 99EFE41D1C94FC410012C110;
			productRefGroup = 99EFE4271C94FC410012C110 /* Products */;
			projectDirPath = "";
			projectRoot = "";
			targets = (
				99EFE4251C94FC410012C110 /* 百思不得姐 */,
				99EFE43E1C94FC410012C110 /* 百思不得姐UITests */,
			);
		};
/* End PBXProject section */

/* Begin PBXResourcesBuildPhase section */
		99EFE4241C94FC410012C110 /* Resources */ = {
			isa = PBXResourcesBuildPhase;
			buildActionMask = 2147483647;
			files = (
				99670A601C96E0E100272DF7 /* YZBUserCell.xib in Resources */,
				99EFE4AC1C9550C10012C110 /* YZBFriendViewController.xib in Resources */,
				997A80361C96A6C600B047A1 /* YZBRecommentViewController.xib in Resources */,
				99EFE4361C94FC410012C110 /* Assets.xcassets in Resources */,
				997A803B1C96A9E000B047A1 /* YZBCategoryCell.xib in Resources */,
			);
			runOnlyForDeploymentPostprocessing = 0;
		};
		99EFE43D1C94FC410012C110 /* Resources */ = {
			isa = PBXResourcesBuildPhase;
			buildActionMask = 2147483647;
			files = (
			);
			runOnlyForDeploymentPostprocessing = 0;
		};
/* End PBXResourcesBuildPhase section */

/* Begin PBXShellScriptBuildPhase section */
		33AA391315B54B607A2FDED7 /* Embed Pods Frameworks */ = {
			isa = PBXShellScriptBuildPhase;
			buildActionMask = 2147483647;
			files = (
			);
			inputPaths = (
			);
			name = "Embed Pods Frameworks";
			outputPaths = (
			);
			runOnlyForDeploymentPostprocessing = 0;
			shellPath = /bin/sh;
			shellScript = "\"${SRCROOT}/Pods/Target Support Files/Pods/Pods-frameworks.sh\"\n";
			showEnvVarsInLog = 0;
		};
		4050E19C4FE003087B4DBA3F /* Copy Pods Resources */ = {
			isa = PBXShellScriptBuildPhase;
			buildActionMask = 2147483647;
			files = (
			);
			inputPaths = (
			);
			name = "Copy Pods Resources";
			outputPaths = (
			);
			runOnlyForDeploymentPostprocessing = 0;
			shellPath = /bin/sh;
			shellScript = "\"${SRCROOT}/Pods/Target Support Files/Pods/Pods-resources.sh\"\n";
			showEnvVarsInLog = 0;
		};
		D8E9C2D4D4685AC926FB629F /* Check Pods Manifest.lock */ = {
			isa = PBXShellScriptBuildPhase;
			buildActionMask = 2147483647;
			files = (
			);
			inputPaths = (
			);
			name = "Check Pods Manifest.lock";
			outputPaths = (
			);
			runOnlyForDeploymentPostprocessing = 0;
			shellPath = /bin/sh;
			shellScript = "diff \"${PODS_ROOT}/../Podfile.lock\" \"${PODS_ROOT}/Manifest.lock\" > /dev/null\nif [[ $? != 0 ]] ; then\n    cat << EOM\nerror: The sandbox is not in sync with the Podfile.lock. Run 'pod install' or update your CocoaPods installation.\nEOM\n    exit 1\nfi\n";
			showEnvVarsInLog = 0;
		};
/* End PBXShellScriptBuildPhase section */

/* Begin PBXSourcesBuildPhase section */
		99EFE4221C94FC410012C110 /* Sources */ = {
			isa = PBXSourcesBuildPhase;
			buildActionMask = 2147483647;
			files = (
				99EFE4A31C951FD70012C110 /* UIView+YZBExtention.m in Sources */,
				99EFE48B1C9502DA0012C110 /* YZBTabBarController.m in Sources */,
				99EFE49D1C950B7B0012C110 /* YZBMeViewController.m in Sources */,
				99EFE42B1C94FC410012C110 /* main.m in Sources */,
				99EFE48E1C95037E0012C110 /* AppDelegate.m in Sources */,
				99EFE4941C950ACE0012C110 /* YZBNewViewController.m in Sources */,
				99EFE4A71C953ACA0012C110 /* UIBarButtonItem+YZBExtension.m in Sources */,
				99EFE4971C950B140012C110 /* YZBFriendViewController.m in Sources */,
				99670A5B1C96DEAF00272DF7 /* YZBUser.m in Sources */,
				997A803A1C96A9E000B047A1 /* YZBCategoryCell.m in Sources */,
				997A80341C96A63B00B047A1 /* YZBRecommentCategory.m in Sources */,
				99670A5F1C96E0E100272DF7 /* YZBUserCell.m in Sources */,
				99EFE4AA1C953FA50012C110 /* YZBNavigationController.m in Sources */,
				9942516C1C955B370050C487 /* YZBRecommentViewController.m in Sources */,
				997330B71C957085004DF3DD /* Foundation+Log.m in Sources */,
				99EFE4911C9504FC0012C110 /* YZBEssenceViewController.m in Sources */,
				99EFE4A01C951AD50012C110 /* YZBTabBar.m in Sources */,
			);
			runOnlyForDeploymentPostprocessing = 0;
		};
		99EFE43B1C94FC410012C110 /* Sources */ = {
			isa = PBXSourcesBuildPhase;
			buildActionMask = 2147483647;
			files = (
				99EFE4441C94FC410012C110 /* _____UITests.m in Sources */,
			);
			runOnlyForDeploymentPostprocessing = 0;
		};
/* End PBXSourcesBuildPhase section */

/* Begin PBXTargetDependency section */
		99EFE4411C94FC410012C110 /* PBXTargetDependency */ = {
			isa = PBXTargetDependency;
			target = 99EFE4251C94FC410012C110 /* 百思不得姐 */;
			targetProxy = 99EFE4401C94FC410012C110 /* PBXContainerItemProxy */;
		};
/* End PBXTargetDependency section */

/* Begin XCBuildConfiguration section */
		99EFE4461C94FC410012C110 /* Debug */ = {
			isa = XCBuildConfiguration;
			buildSettings = {
				ALWAYS_SEARCH_USER_PATHS = NO;
				CLANG_CXX_LANGUAGE_STANDARD = "gnu++0x";
				CLANG_CXX_LIBRARY = "libc++";
				CLANG_ENABLE_MODULES = YES;
				CLANG_ENABLE_OBJC_ARC = YES;
				CLANG_WARN_BOOL_CONVERSION = YES;
				CLANG_WARN_CONSTANT_CONVERSION = YES;
				CLANG_WARN_DIRECT_OBJC_ISA_USAGE = YES_ERROR;
				CLANG_WARN_EMPTY_BODY = YES;
				CLANG_WARN_ENUM_CONVERSION = YES;
				CLANG_WARN_INT_CONVERSION = YES;
				CLANG_WARN_OBJC_ROOT_CLASS = YES_ERROR;
				CLANG_WARN_UNREACHABLE_CODE = YES;
				CLANG_WARN__DUPLICATE_METHOD_MATCH = YES;
				"CODE_SIGN_IDENTITY[sdk=iphoneos*]" = "iPhone Developer";
				COPY_PHASE_STRIP = NO;
				DEBUG_INFORMATION_FORMAT = dwarf;
				ENABLE_STRICT_OBJC_MSGSEND = YES;
				ENABLE_TESTABILITY = YES;
				GCC_C_LANGUAGE_STANDARD = gnu99;
				GCC_DYNAMIC_NO_PIC = NO;
				GCC_NO_COMMON_BLOCKS = YES;
				GCC_OPTIMIZATION_LEVEL = 0;
				GCC_PREPROCESSOR_DEFINITIONS = (
					"DEBUG=1",
					"$(inherited)",
				);
				GCC_WARN_64_TO_32_BIT_CONVERSION = YES;
				GCC_WARN_ABOUT_RETURN_TYPE = YES_ERROR;
				GCC_WARN_UNDECLARED_SELECTOR = YES;
				GCC_WARN_UNINITIALIZED_AUTOS = YES_AGGRESSIVE;
				GCC_WARN_UNUSED_FUNCTION = YES;
				GCC_WARN_UNUSED_VARIABLE = YES;
				IPHONEOS_DEPLOYMENT_TARGET = 9.2;
				MTL_ENABLE_DEBUG_INFO = YES;
				ONLY_ACTIVE_ARCH = YES;
				SDKROOT = iphoneos;
				TARGETED_DEVICE_FAMILY = "1,2";
			};
			name = Debug;
		};
		99EFE4471C94FC410012C110 /* Release */ = {
			isa = XCBuildConfiguration;
			buildSettings = {
				ALWAYS_SEARCH_USER_PATHS = NO;
				CLANG_CXX_LANGUAGE_STANDARD = "gnu++0x";
				CLANG_CXX_LIBRARY = "libc++";
				CLANG_ENABLE_MODULES = YES;
				CLANG_ENABLE_OBJC_ARC = YES;
				CLANG_WARN_BOOL_CONVERSION = YES;
				CLANG_WARN_CONSTANT_CONVERSION = YES;
				CLANG_WARN_DIRECT_OBJC_ISA_USAGE = YES_ERROR;
				CLANG_WARN_EMPTY_BODY = YES;
				CLANG_WARN_ENUM_CONVERSION = YES;
				CLANG_WARN_INT_CONVERSION = YES;
				CLANG_WARN_OBJC_ROOT_CLASS = YES_ERROR;
				CLANG_WARN_UNREACHABLE_CODE = YES;
				CLANG_WARN__DUPLICATE_METHOD_MATCH = YES;
				"CODE_SIGN_IDENTITY[sdk=iphoneos*]" = "iPhone Developer";
				COPY_PHASE_STRIP = NO;
				DEBUG_INFORMATION_FORMAT = "dwarf-with-dsym";
				ENABLE_NS_ASSERTIONS = NO;
				ENABLE_STRICT_OBJC_MSGSEND = YES;
				GCC_C_LANGUAGE_STANDARD = gnu99;
				GCC_NO_COMMON_BLOCKS = YES;
				GCC_WARN_64_TO_32_BIT_CONVERSION = YES;
				GCC_WARN_ABOUT_RETURN_TYPE = YES_ERROR;
				GCC_WARN_UNDECLARED_SELECTOR = YES;
				GCC_WARN_UNINITIALIZED_AUTOS = YES_AGGRESSIVE;
				GCC_WARN_UNUSED_FUNCTION = YES;
				GCC_WARN_UNUSED_VARIABLE = YES;
				IPHONEOS_DEPLOYMENT_TARGET = 9.2;
				MTL_ENABLE_DEBUG_INFO = NO;
				SDKROOT = iphoneos;
				TARGETED_DEVICE_FAMILY = "1,2";
				VALIDATE_PRODUCT = YES;
			};
			name = Release;
		};
		99EFE4491C94FC410012C110 /* Debug */ = {
			isa = XCBuildConfiguration;
			baseConfigurationReference = F30BD87700EE3F0248312E3E /* Pods.debug.xcconfig */;
			buildSettings = {
				ASSETCATALOG_COMPILER_APPICON_NAME = AppIcon;
				ASSETCATALOG_COMPILER_LAUNCHIMAGE_NAME = "Brand Assets";
				GCC_PREFIX_HEADER = "百思不得姐/Classes/Other(其他)/百思不得姐.pch";
				INFOPLIST_FILE = "百思不得姐/Info.plist";
				IPHONEOS_DEPLOYMENT_TARGET = 9.0;
				LD_RUNPATH_SEARCH_PATHS = "$(inherited) @executable_path/Frameworks";
				PRODUCT_BUNDLE_IDENTIFIER = "com.yzb.-----";
				PRODUCT_NAME = "$(TARGET_NAME)";
				TARGETED_DEVICE_FAMILY = 1;
			};
			name = Debug;
		};
		99EFE44A1C94FC410012C110 /* Release */ = {
			isa = XCBuildConfiguration;
			baseConfigurationReference = D803B44848DC3ADDE5D7E538 /* Pods.release.xcconfig */;
			buildSettings = {
				ASSETCATALOG_COMPILER_APPICON_NAME = AppIcon;
				ASSETCATALOG_COMPILER_LAUNCHIMAGE_NAME = "Brand Assets";
				GCC_PREFIX_HEADER = "百思不得姐/Classes/Other(其他)/百思不得姐.pch";
				INFOPLIST_FILE = "百思不得姐/Info.plist";
				IPHONEOS_DEPLOYMENT_TARGET = 9.0;
				LD_RUNPATH_SEARCH_PATHS = "$(inherited) @executable_path/Frameworks";
				PRODUCT_BUNDLE_IDENTIFIER = "com.yzb.-----";
				PRODUCT_NAME = "$(TARGET_NAME)";
				TARGETED_DEVICE_FAMILY = 1;
			};
			name = Release;
		};
		99EFE44C1C94FC410012C110 /* Debug */ = {
			isa = XCBuildConfiguration;
			buildSettings = {
				INFOPLIST_FILE = "百思不得姐UITests/Info.plist";
				LD_RUNPATH_SEARCH_PATHS = "$(inherited) @executable_path/Frameworks @loader_path/Frameworks";
				PRODUCT_BUNDLE_IDENTIFIER = "com.yzb.-----UITests";
				PRODUCT_NAME = "$(TARGET_NAME)";
				TEST_TARGET_NAME = "百思不得姐";
				USES_XCTRUNNER = YES;
			};
			name = Debug;
		};
		99EFE44D1C94FC410012C110 /* Release */ = {
			isa = XCBuildConfiguration;
			buildSettings = {
				INFOPLIST_FILE = "百思不得姐UITests/Info.plist";
				LD_RUNPATH_SEARCH_PATHS = "$(inherited) @executable_path/Frameworks @loader_path/Frameworks";
				PRODUCT_BUNDLE_IDENTIFIER = "com.yzb.-----UITests";
				PRODUCT_NAME = "$(TARGET_NAME)";
				TEST_TARGET_NAME = "百思不得姐";
				USES_XCTRUNNER = YES;
			};
			name = Release;
		};
/* End XCBuildConfiguration section */

/* Begin XCConfigurationList section */
		99EFE4211C94FC410012C110 /* Build configuration list for PBXProject "百思不得姐" */ = {
			isa = XCConfigurationList;
			buildConfigurations = (
				99EFE4461C94FC410012C110 /* Debug */,
				99EFE4471C94FC410012C110 /* Release */,
			);
			defaultConfigurationIsVisible = 0;
			defaultConfigurationName = Release;
		};
		99EFE4481C94FC410012C110 /* Build configuration list for PBXNativeTarget "百思不得姐" */ = {
			isa = XCConfigurationList;
			buildConfigurations = (
				99EFE4491C94FC410012C110 /* Debug */,
				99EFE44A1C94FC410012C110 /* Release */,
			);
			defaultConfigurationIsVisible = 0;
			defaultConfigurationName = Release;
		};
		99EFE44B1C94FC410012C110 /* Build configuration list for PBXNativeTarget "百思不得姐UITests" */ = {
			isa = XCConfigurationList;
			buildConfigurations = (
				99EFE44C1C94FC410012C110 /* Debug */,
				99EFE44D1C94FC410012C110 /* Release */,
			);
			defaultConfigurationIsVisible = 0;
			defaultConfigurationName = Release;
		};
/* End XCConfigurationList section */
	};
	rootObject = 99EFE41E1C94FC410012C110 /* Project object */;
}
